%{"bunt": {:hex, :bunt, "0.2.0", "951c6e801e8b1d2cbe58ebbd3e616a869061ddadcc4863d0a2182541acae9a38", [], [], "hexpm"},
  "certifi": {:hex, :certifi, "1.2.1", "c3904f192bd5284e5b13f20db3ceac9626e14eeacfbb492e19583cf0e37b22be", [:rebar3], [], "hexpm"},
  "combine": {:hex, :combine, "0.9.6", "8d1034a127d4cbf6924c8a5010d3534d958085575fa4d9b878f200d79ac78335", [:mix], [], "hexpm"},
  "comeonin": {:hex, :comeonin, "3.2.0", "cb10995a22aed6812667efb3856f548818c85d85394d8132bc116fbd6995c1ef", [:make, :mix], [{:elixir_make, "~> 0.4", [hex: :elixir_make, repo: "hexpm", optional: false]}], "hexpm"},
  "connection": {:hex, :connection, "1.0.4", "a1cae72211f0eef17705aaededacac3eb30e6625b04a6117c1b2db6ace7d5976", [:mix], [], "hexpm"},
  "credo": {:hex, :credo, "0.8.4", "4e50acac058cf6292d6066e5b0d03da5e1483702e1ccde39abba385c9f03ead4", [], [{:bunt, "~> 0.2.0", [hex: :bunt, repo: "hexpm", optional: false]}], "hexpm"},
  "db_connection": {:hex, :db_connection, "1.1.2", "2865c2a4bae0714e2213a0ce60a1b12d76a6efba0c51fbda59c9ab8d1accc7a8", [:mix], [{:connection, "~> 1.0.2", [hex: :connection, repo: "hexpm", optional: false]}, {:poolboy, "~> 1.5", [hex: :poolboy, repo: "hexpm", optional: true]}, {:sbroker, "~> 1.0", [hex: :sbroker, repo: "hexpm", optional: true]}], "hexpm"},
  "decimal": {:hex, :decimal, "1.4.0", "fac965ce71a46aab53d3a6ce45662806bdd708a4a95a65cde8a12eb0124a1333", [:mix], [], "hexpm"},
  "dialyxir": {:hex, :dialyxir, "0.5.0", "5bc543f9c28ecd51b99cc1a685a3c2a1a93216990347f259406a910cf048d1d7", [:mix], [], "hexpm"},
  "distillery": {:hex, :distillery, "1.4.1", "546d851bf27ae8fe0727e10e4fc4e146ad836eecee138263a60431e688044ed3", [:mix], [], "hexpm"},
  "earmark": {:hex, :earmark, "1.2.2", "f718159d6b65068e8daeef709ccddae5f7fdc770707d82e7d126f584cd925b74", [:mix], [], "hexpm"},
  "ecto": {:hex, :ecto, "2.1.4", "d1ba932813ec0e0d9db481ef2c17777f1cefb11fc90fa7c142ff354972dfba7e", [:mix], [{:db_connection, "~> 1.1", [hex: :db_connection, repo: "hexpm", optional: true]}, {:decimal, "~> 1.2", [hex: :decimal, repo: "hexpm", optional: false]}, {:mariaex, "~> 0.8.0", [hex: :mariaex, repo: "hexpm", optional: true]}, {:poison, "~> 2.2 or ~> 3.0", [hex: :poison, repo: "hexpm", optional: true]}, {:poolboy, "~> 1.5", [hex: :poolboy, repo: "hexpm", optional: false]}, {:postgrex, "~> 0.13.0", [hex: :postgrex, repo: "hexpm", optional: true]}, {:sbroker, "~> 1.0", [hex: :sbroker, repo: "hexpm", optional: true]}], "hexpm"},
  "elixir_make": {:hex, :elixir_make, "0.4.0", "992f38fabe705bb45821a728f20914c554b276838433349d4f2341f7a687cddf", [:mix], [], "hexpm"},
  "ex_doc": {:hex, :ex_doc, "0.16.2", "3b3e210ebcd85a7c76b4e73f85c5640c011d2a0b2f06dcdf5acdb2ae904e5084", [:mix], [{:earmark, "~> 1.1", [hex: :earmark, repo: "hexpm", optional: false]}], "hexpm"},
  "gettext": {:hex, :gettext, "0.13.1", "5e0daf4e7636d771c4c71ad5f3f53ba09a9ae5c250e1ab9c42ba9edccc476263", [:mix], [], "hexpm"},
  "hackney": {:hex, :hackney, "1.8.6", "21a725db3569b3fb11a6af17d5c5f654052ce9624219f1317e8639183de4a423", [:rebar3], [{:certifi, "1.2.1", [hex: :certifi, repo: "hexpm", optional: false]}, {:idna, "5.0.2", [hex: :idna, repo: "hexpm", optional: false]}, {:metrics, "1.0.1", [hex: :metrics, repo: "hexpm", optional: false]}, {:mimerl, "1.0.2", [hex: :mimerl, repo: "hexpm", optional: false]}, {:ssl_verify_fun, "1.1.1", [hex: :ssl_verify_fun, repo: "hexpm", optional: false]}], "hexpm"},
  "idna": {:hex, :idna, "5.0.2", "ac203208ada855d95dc591a764b6e87259cb0e2a364218f215ad662daa8cd6b4", [:rebar3], [{:unicode_util_compat, "0.2.0", [hex: :unicode_util_compat, repo: "hexpm", optional: false]}], "hexpm"},
  "metrics": {:hex, :metrics, "1.0.1", "25f094dea2cda98213cecc3aeff09e940299d950904393b2a29d191c346a8486", [:rebar3], [], "hexpm"},
  "mimerl": {:hex, :mimerl, "1.0.2", "993f9b0e084083405ed8252b99460c4f0563e41729ab42d9074fd5e52439be88", [:rebar3], [], "hexpm"},
  "poison": {:hex, :poison, "3.1.0", "d9eb636610e096f86f25d9a46f35a9facac35609a7591b3be3326e99a0484665", [:mix], [], "hexpm"},
  "poolboy": {:hex, :poolboy, "1.5.1", "6b46163901cfd0a1b43d692657ed9d7e599853b3b21b95ae5ae0a777cf9b6ca8", [:rebar], [], "hexpm"},
  "postgrex": {:hex, :postgrex, "0.13.3", "c277cfb2a9c5034d445a722494c13359e361d344ef6f25d604c2353185682bfc", [:mix], [{:connection, "~> 1.0", [hex: :connection, repo: "hexpm", optional: false]}, {:db_connection, "~> 1.1", [hex: :db_connection, repo: "hexpm", optional: false]}, {:decimal, "~> 1.0", [hex: :decimal, repo: "hexpm", optional: false]}], "hexpm"},
  "ranch": {:hex, :ranch, "1.4.0", "10272f95da79340fa7e8774ba7930b901713d272905d0012b06ca6d994f8826b", [:rebar3], [], "hexpm"},
  "ssl_verify_fun": {:hex, :ssl_verify_fun, "1.1.1", "28a4d65b7f59893bc2c7de786dec1e1555bd742d336043fe644ae956c3497fbe", [:make, :rebar], [], "hexpm"},
  "timex": {:hex, :timex, "3.1.24", "d198ae9783ac807721cca0c5535384ebdf99da4976be8cefb9665a9262a1e9e3", [:mix], [{:combine, "~> 0.7", [hex: :combine, repo: "hexpm", optional: false]}, {:gettext, "~> 0.10", [hex: :gettext, repo: "hexpm", optional: false]}, {:tzdata, "~> 0.1.8 or ~> 0.5", [hex: :tzdata, repo: "hexpm", optional: false]}], "hexpm"},
  "tzdata": {:hex, :tzdata, "0.5.12", "1c17b68692c6ba5b6ab15db3d64cc8baa0f182043d5ae9d4b6d35d70af76f67b", [:mix], [{:hackney, "~> 1.0", [hex: :hackney, repo: "hexpm", optional: false]}], "hexpm"},
  "unicode_util_compat": {:hex, :unicode_util_compat, "0.2.0", "dbbccf6781821b1c0701845eaf966c9b6d83d7c3bfc65ca2b78b88b8678bfa35", [:rebar3], [], "hexpm"},
  "yamerl": {:hex, :yamerl, "0.3.3", "df48fe3e6aeaca05ec6c4b35418aa7c77258d0d1c32d578a2e12a14751c10d42", [:rebar3], [], "hexpm"},
  "yaml_elixir": {:hex, :yaml_elixir, "1.3.0", "5b945c235f0bc9d49c60927834576952c9e106afbc1dfa76ffcf615d7615e35f", [:mix], [{:yamerl, "~> 0.3.2", [hex: :yamerl, repo: "hexpm", optional: false]}], "hexpm"}}
